
Microsoft Visual Studio Solution File, Format Version 12.00
# Visual Studio Version 17
VisualStudioVersion = 17.5.002.0
MinimumVisualStudioVersion = 10.0.40219.1
Project("{9A19103F-16F7-4668-BE54-9A1E7A4F7556}") = "DrugDetect", "DrugDetect.csproj", "{BF77636A-53A3-4002-8FED-DF7CB5D3380B}"
EndProject
Global
	GlobalSection(SolutionConfigurationPlatforms) = preSolution
		Debug|Any CPU = Debug|Any CPU
		Release|Any CPU = Release|Any CPU
	EndGlobalSection
	GlobalSection(ProjectConfigurationPlatforms) = postSolution
		{BF77636A-53A3-4002-8FED-DF7CB5D3380B}.Debug|Any CPU.ActiveCfg = Debug|Any CPU
		{BF77636A-53A3-4002-8FED-DF7CB5D3380B}.Debug|Any CPU.Build.0 = Debug|Any CPU
		{BF77636A-53A3-4002-8FED-DF7CB5D3380B}.Release|Any CPU.ActiveCfg = Release|Any CPU
		{BF77636A-53A3-4002-8FED-DF7CB5D3380B}.Release|Any CPU.Build.0 = Release|Any CPU
	EndGlobalSection
	GlobalSection(SolutionProperties) = preSolution
		HideSolutionNode = FALSE
	EndGlobalSection
	GlobalSection(ExtensibilityGlobals) = postSolution
		SolutionGuid = {084DC580-9CE3-4D1F-A936-BBA8C07186CD}
	EndGlobalSection
EndGlobal
